
Microsoft Visual Studio Solution File, Format Version 12.00
# Visual Studio Version 17
VisualStudioVersion = 17.5.002.0
MinimumVisualStudioVersion = 10.0.40219.1
Project("{2150E333-8FDC-42A3-9474-1A3956D46DE8}") = "world-service", "world-service", "{C213371F-EC60-4479-8BF1-38423CFA645D}"
EndProject
Project("{9A19103F-16F7-4668-BE54-9A1E7A4F7556}") = "WorldService", "world-service\WorldService\WorldService.csproj", "{F855857F-EB1B-4699-9948-70A2C00C3A4C}"
EndProject
Project("{2150E333-8FDC-42A3-9474-1A3956D46DE8}") = "hello-service", "hello-service", "{6258CAF1-D929-483F-A878-55330EB974FE}"
EndProject
Project("{9A19103F-16F7-4668-BE54-9A1E7A4F7556}") = "HelloService", "hello-service\HelloService\HelloService.csproj", "{4ACED4A0-D9B8-47EE-89BE-833B49464980}"
EndProject
Global
	GlobalSection(SolutionConfigurationPlatforms) = preSolution
		Debug|Any CPU = Debug|Any CPU
		Release|Any CPU = Release|Any CPU
	EndGlobalSection
	GlobalSection(ProjectConfigurationPlatforms) = postSolution
		{F855857F-EB1B-4699-9948-70A2C00C3A4C}.Debug|Any CPU.ActiveCfg = Debug|Any CPU
		{F855857F-EB1B-4699-9948-70A2C00C3A4C}.Debug|Any CPU.Build.0 = Debug|Any CPU
		{F855857F-EB1B-4699-9948-70A2C00C3A4C}.Release|Any CPU.ActiveCfg = Release|Any CPU
		{F855857F-EB1B-4699-9948-70A2C00C3A4C}.Release|Any CPU.Build.0 = Release|Any CPU
		{4ACED4A0-D9B8-47EE-89BE-833B49464980}.Debug|Any CPU.ActiveCfg = Debug|Any CPU
		{4ACED4A0-D9B8-47EE-89BE-833B49464980}.Debug|Any CPU.Build.0 = Debug|Any CPU
		{4ACED4A0-D9B8-47EE-89BE-833B49464980}.Release|Any CPU.ActiveCfg = Release|Any CPU
		{4ACED4A0-D9B8-47EE-89BE-833B49464980}.Release|Any CPU.Build.0 = Release|Any CPU
	EndGlobalSection
	GlobalSection(SolutionProperties) = preSolution
		HideSolutionNode = FALSE
	EndGlobalSection
	GlobalSection(NestedProjects) = preSolution
		{F855857F-EB1B-4699-9948-70A2C00C3A4C} = {C213371F-EC60-4479-8BF1-38423CFA645D}
		{4ACED4A0-D9B8-47EE-89BE-833B49464980} = {6258CAF1-D929-483F-A878-55330EB974FE}
	EndGlobalSection
	GlobalSection(ExtensibilityGlobals) = postSolution
		SolutionGuid = {37029B7C-4DF5-4D47-BBD7-DFA79F2AA2B8}
	EndGlobalSection
EndGlobal
